
Microsoft Visual Studio Solution File, Format Version 12.00
# Visual Studio Version 16
VisualStudioVersion = 16.0.30804.86
MinimumVisualStudioVersion = 10.0.40219.1
Project("{FAE04EC0-301F-11D3-BF4B-00C04F79EFBC}") = "problema 22", "problema 22.csproj", "{406F0C2C-7D65-45DE-9751-4E8F905F7D1C}"
EndProject
Global
	GlobalSection(SolutionConfigurationPlatforms) = preSolution
		Debug|Any CPU = Debug|Any CPU
		Release|Any CPU = Release|Any CPU
	EndGlobalSection
	GlobalSection(ProjectConfigurationPlatforms) = postSolution
		{406F0C2C-7D65-45DE-9751-4E8F905F7D1C}.Debug|Any CPU.ActiveCfg = Debug|Any CPU
		{406F0C2C-7D65-45DE-9751-4E8F905F7D1C}.Debug|Any CPU.Build.0 = Debug|Any CPU
		{406F0C2C-7D65-45DE-9751-4E8F905F7D1C}.Release|Any CPU.ActiveCfg = Release|Any CPU
		{406F0C2C-7D65-45DE-9751-4E8F905F7D1C}.Release|Any CPU.Build.0 = Release|Any CPU
	EndGlobalSection
	GlobalSection(SolutionProperties) = preSolution
		HideSolutionNode = FALSE
	EndGlobalSection
	GlobalSection(ExtensibilityGlobals) = postSolution
		SolutionGuid = {E68DA460-9BC7-4A8D-991A-E950B0BD6F22}
	EndGlobalSection
EndGlobal
