
Microsoft Visual Studio Solution File, Format Version 12.00
# Visual Studio Version 16
VisualStudioVersion = 16.0.30804.86
MinimumVisualStudioVersion = 10.0.40219.1
Project("{FAE04EC0-301F-11D3-BF4B-00C04F79EFBC}") = "problema 17", "problema 17.csproj", "{BF395C70-66E2-4386-ABCD-53DCE474EACB}"
EndProject
Global
	GlobalSection(SolutionConfigurationPlatforms) = preSolution
		Debug|Any CPU = Debug|Any CPU
		Release|Any CPU = Release|Any CPU
	EndGlobalSection
	GlobalSection(ProjectConfigurationPlatforms) = postSolution
		{BF395C70-66E2-4386-ABCD-53DCE474EACB}.Debug|Any CPU.ActiveCfg = Debug|Any CPU
		{BF395C70-66E2-4386-ABCD-53DCE474EACB}.Debug|Any CPU.Build.0 = Debug|Any CPU
		{BF395C70-66E2-4386-ABCD-53DCE474EACB}.Release|Any CPU.ActiveCfg = Release|Any CPU
		{BF395C70-66E2-4386-ABCD-53DCE474EACB}.Release|Any CPU.Build.0 = Release|Any CPU
	EndGlobalSection
	GlobalSection(SolutionProperties) = preSolution
		HideSolutionNode = FALSE
	EndGlobalSection
	GlobalSection(ExtensibilityGlobals) = postSolution
		SolutionGuid = {244ECA2F-ADB7-429C-8695-1A3D8B329198}
	EndGlobalSection
EndGlobal
