
Microsoft Visual Studio Solution File, Format Version 12.00
# Visual Studio Version 16
VisualStudioVersion = 16.0.30804.86
MinimumVisualStudioVersion = 10.0.40219.1
Project("{FAE04EC0-301F-11D3-BF4B-00C04F79EFBC}") = "problema 16", "problema 16.csproj", "{E83C9AD6-AEA7-423C-9AF1-3F62F74DBEB3}"
EndProject
Global
	GlobalSection(SolutionConfigurationPlatforms) = preSolution
		Debug|Any CPU = Debug|Any CPU
		Release|Any CPU = Release|Any CPU
	EndGlobalSection
	GlobalSection(ProjectConfigurationPlatforms) = postSolution
		{E83C9AD6-AEA7-423C-9AF1-3F62F74DBEB3}.Debug|Any CPU.ActiveCfg = Debug|Any CPU
		{E83C9AD6-AEA7-423C-9AF1-3F62F74DBEB3}.Debug|Any CPU.Build.0 = Debug|Any CPU
		{E83C9AD6-AEA7-423C-9AF1-3F62F74DBEB3}.Release|Any CPU.ActiveCfg = Release|Any CPU
		{E83C9AD6-AEA7-423C-9AF1-3F62F74DBEB3}.Release|Any CPU.Build.0 = Release|Any CPU
	EndGlobalSection
	GlobalSection(SolutionProperties) = preSolution
		HideSolutionNode = FALSE
	EndGlobalSection
	GlobalSection(ExtensibilityGlobals) = postSolution
		SolutionGuid = {7DFAC37E-E61C-4CFA-A591-13C0F8AD1CAC}
	EndGlobalSection
EndGlobal
