
Microsoft Visual Studio Solution File, Format Version 12.00
# Visual Studio Version 16
VisualStudioVersion = 16.0.30804.86
MinimumVisualStudioVersion = 10.0.40219.1
Project("{FAE04EC0-301F-11D3-BF4B-00C04F79EFBC}") = "problema 3", "problema 3.csproj", "{EFD585DF-DA0F-478E-B2F3-7315869AB34B}"
EndProject
Global
	GlobalSection(SolutionConfigurationPlatforms) = preSolution
		Debug|Any CPU = Debug|Any CPU
		Release|Any CPU = Release|Any CPU
	EndGlobalSection
	GlobalSection(ProjectConfigurationPlatforms) = postSolution
		{EFD585DF-DA0F-478E-B2F3-7315869AB34B}.Debug|Any CPU.ActiveCfg = Debug|Any CPU
		{EFD585DF-DA0F-478E-B2F3-7315869AB34B}.Debug|Any CPU.Build.0 = Debug|Any CPU
		{EFD585DF-DA0F-478E-B2F3-7315869AB34B}.Release|Any CPU.ActiveCfg = Release|Any CPU
		{EFD585DF-DA0F-478E-B2F3-7315869AB34B}.Release|Any CPU.Build.0 = Release|Any CPU
	EndGlobalSection
	GlobalSection(SolutionProperties) = preSolution
		HideSolutionNode = FALSE
	EndGlobalSection
	GlobalSection(ExtensibilityGlobals) = postSolution
		SolutionGuid = {38B69701-63A4-4234-90BB-F966E80D4C38}
	EndGlobalSection
EndGlobal
